
Microsoft Visual Studio Solution File, Format Version 12.00
# Visual Studio Version 16
VisualStudioVersion = 16.0.30611.23
MinimumVisualStudioVersion = 10.0.40219.1
Project("{FAE04EC0-301F-11D3-BF4B-00C04F79EFBC}") = "Exam", "Exam\Exam.csproj", "{1BCD5551-FB37-4737-88BD-21E4C94DC7D0}"
EndProject
Global
	GlobalSection(SolutionConfigurationPlatforms) = preSolution
		Debug|Any CPU = Debug|Any CPU
		Release|Any CPU = Release|Any CPU
	EndGlobalSection
	GlobalSection(ProjectConfigurationPlatforms) = postSolution
		{1BCD5551-FB37-4737-88BD-21E4C94DC7D0}.Debug|Any CPU.ActiveCfg = Debug|Any CPU
		{1BCD5551-FB37-4737-88BD-21E4C94DC7D0}.Debug|Any CPU.Build.0 = Debug|Any CPU
		{1BCD5551-FB37-4737-88BD-21E4C94DC7D0}.Release|Any CPU.ActiveCfg = Release|Any CPU
		{1BCD5551-FB37-4737-88BD-21E4C94DC7D0}.Release|Any CPU.Build.0 = Release|Any CPU
	EndGlobalSection
	GlobalSection(SolutionProperties) = preSolution
		HideSolutionNode = FALSE
	EndGlobalSection
	GlobalSection(ExtensibilityGlobals) = postSolution
		SolutionGuid = {53A91C69-D3A4-497C-B807-94F64783F9D9}
	EndGlobalSection
EndGlobal
