
Microsoft Visual Studio Solution File, Format Version 12.00
# Visual Studio Version 16
VisualStudioVersion = 16.0.30413.136
MinimumVisualStudioVersion = 10.0.40219.1
Project("{FAE04EC0-301F-11D3-BF4B-00C04F79EFBC}") = "22.09.20 Fibonachi", "22.09.20 Fibonachi\22.09.20 Fibonachi.csproj", "{7555CD41-06B3-4383-94E0-B8A4518EB9EE}"
EndProject
Global
	GlobalSection(SolutionConfigurationPlatforms) = preSolution
		Debug|Any CPU = Debug|Any CPU
		Release|Any CPU = Release|Any CPU
	EndGlobalSection
	GlobalSection(ProjectConfigurationPlatforms) = postSolution
		{7555CD41-06B3-4383-94E0-B8A4518EB9EE}.Debug|Any CPU.ActiveCfg = Debug|Any CPU
		{7555CD41-06B3-4383-94E0-B8A4518EB9EE}.Debug|Any CPU.Build.0 = Debug|Any CPU
		{7555CD41-06B3-4383-94E0-B8A4518EB9EE}.Release|Any CPU.ActiveCfg = Release|Any CPU
		{7555CD41-06B3-4383-94E0-B8A4518EB9EE}.Release|Any CPU.Build.0 = Release|Any CPU
	EndGlobalSection
	GlobalSection(SolutionProperties) = preSolution
		HideSolutionNode = FALSE
	EndGlobalSection
	GlobalSection(ExtensibilityGlobals) = postSolution
		SolutionGuid = {0710F8BA-51BD-4ADA-B57C-9663637B2B58}
	EndGlobalSection
EndGlobal
